<Solution>
  <Folder Name="/src/">
    <Project Path="src/LayaSample.Api/LayaSample.Api.csproj" />
    <Project Path="src/LayaSample.Renderer/LayaSample.Renderer.csproj" />
    <Project Path="src/LayaSample.Rendering/LayaSample.Rendering.csproj" />
  </Folder>
  <Folder Name="/tests/">
    <Project Path="tests/LayaSample.Tests/LayaSample.Tests.csproj" />
  </Folder>
</Solution>
